
Microsoft Visual Studio Solution File, Format Version 12.00
# Visual Studio Version 17
VisualStudioVersion = 17.12.35527.113
MinimumVisualStudioVersion = 10.0.40219.1
Project("{FAE04EC0-301F-11D3-BF4B-00C04F79EFBC}") = "OnlineBookShoop", "OnlineBookShoop\OnlineBookShoop.csproj", "{FBA916D9-5192-4A12-A58C-C55AFD247F3D}"
EndProject
Project("{FAE04EC0-301F-11D3-BF4B-00C04F79EFBC}") = "OnlineBookShoop_Razor", "OnlineBookShoop_Razor\OnlineBookShoop_Razor.csproj", "{960A3539-A206-41D0-93E2-74136035A1DE}"
EndProject
Global
	GlobalSection(SolutionConfigurationPlatforms) = preSolution
		Debug|Any CPU = Debug|Any CPU
		Release|Any CPU = Release|Any CPU
	EndGlobalSection
	GlobalSection(ProjectConfigurationPlatforms) = postSolution
		{FBA916D9-5192-4A12-A58C-C55AFD247F3D}.Debug|Any CPU.ActiveCfg = Debug|Any CPU
		{FBA916D9-5192-4A12-A58C-C55AFD247F3D}.Debug|Any CPU.Build.0 = Debug|Any CPU
		{FBA916D9-5192-4A12-A58C-C55AFD247F3D}.Release|Any CPU.ActiveCfg = Release|Any CPU
		{FBA916D9-5192-4A12-A58C-C55AFD247F3D}.Release|Any CPU.Build.0 = Release|Any CPU
		{960A3539-A206-41D0-93E2-74136035A1DE}.Debug|Any CPU.ActiveCfg = Debug|Any CPU
		{960A3539-A206-41D0-93E2-74136035A1DE}.Debug|Any CPU.Build.0 = Debug|Any CPU
		{960A3539-A206-41D0-93E2-74136035A1DE}.Release|Any CPU.ActiveCfg = Release|Any CPU
		{960A3539-A206-41D0-93E2-74136035A1DE}.Release|Any CPU.Build.0 = Release|Any CPU
	EndGlobalSection
	GlobalSection(SolutionProperties) = preSolution
		HideSolutionNode = FALSE
	EndGlobalSection
EndGlobal
